uuid: 8086d3c3-7a73-43ee-b600-e05c9e08180d
langcode: ca
status: true
dependencies:
  module:
    - block_visibility_groups
    - opcions_publi
  theme:
    - opcions
id: revivezoneblock
theme: opcions
region: header
weight: -8
provider: null
plugin: revive_zone_block
settings:
  id: revive_zone_block
  label: 'Publi (banner cabecera)'
  provider: opcions_publi
  label_display: '0'
  zone_number: '1'
  zone_display: desktop
visibility:
  condition_group:
    id: condition_group
    negate: false
    block_visibility_group: ''
    context_mapping: {  }
